version: 2.0
shards:
  ameba:
    git: https://github.com/crystal-ameba/ameba.git
    version: 1.7.0-dev+git.commit.77bf37bb5d3f7751bb531d2e5e67d66a28474579

  db:
    git: https://github.com/crystal-lang/crystal-db.git
    version: 0.14.0

  sqlite3:
    git: https://github.com/crystal-lang/crystal-sqlite3.git
    version: 0.22.0

